
Microsoft Visual Studio Solution File, Format Version 12.00
# Visual Studio Version 16
VisualStudioVersion = 16.0.31025.194
MinimumVisualStudioVersion = 10.0.40219.1
Project("{FAE04EC0-301F-11D3-BF4B-00C04F79EFBC}") = "ReferenceTypes", "ReferenceTypes\ReferenceTypes.csproj", "{5895B99F-74D5-4572-A1E0-A63306339D50}"
EndProject
Project("{FAE04EC0-301F-11D3-BF4B-00C04F79EFBC}") = "ValueTypes", "ValueTypes\ValueTypes.csproj", "{C601BAEB-2EB0-4F6B-AE35-31F2C67E59D4}"
EndProject
Project("{FAE04EC0-301F-11D3-BF4B-00C04F79EFBC}") = "Arithmetic", "Arithmetic\Arithmetic.csproj", "{A0AC204E-B4A7-42C1-BDD9-CC8F05C098D7}"
EndProject
Project("{FAE04EC0-301F-11D3-BF4B-00C04F79EFBC}") = "Comparison", "Comparison\Comparison.csproj", "{8D87C4C1-FDA4-4A6C-B695-CC3D7FB9A7FE}"
EndProject
Project("{FAE04EC0-301F-11D3-BF4B-00C04F79EFBC}") = "Conditionals", "Conditionals\Conditionals.csproj", "{B1281BEE-3725-4C54-980D-8D9EB93423F0}"
EndProject
Project("{FAE04EC0-301F-11D3-BF4B-00C04F79EFBC}") = "LoopExamples", "LoopExamples\LoopExamples.csproj", "{4454E8B9-B883-46E1-925E-9C3381E5D881}"
EndProject
Project("{FAE04EC0-301F-11D3-BF4B-00C04F79EFBC}") = "ChallengesWk1", "AmChallenge\ChallengesWk1.csproj", "{08E3520A-7917-4CBC-9956-DF98A1EA1501}"
EndProject
Project("{FAE04EC0-301F-11D3-BF4B-00C04F79EFBC}") = "InheritanceClasses", "InheritanceClasses\InheritanceClasses.csproj", "{0D6BD1C2-36D6-4838-AE81-9247ED9F2E2A}"
EndProject
Project("{2150E333-8FDC-42A3-9474-1A3956D46DE8}") = "Solution Items", "Solution Items", "{5995E5A4-F75E-4B25-8248-1192CD49B97B}"
	ProjectSection(SolutionItems) = preProject
		Classes\Calculator.cs = Classes\Calculator.cs
		Classes\Greeter.cs = Classes\Greeter.cs
	EndProjectSection
EndProject
Project("{2150E333-8FDC-42A3-9474-1A3956D46DE8}") = "Classes", "Classes", "{5CFF023C-148B-4570-81BC-34A62106681A}"
	ProjectSection(SolutionItems) = preProject
		Classes\Classes\Person.cs = Classes\Classes\Person.cs
		Classes\Classes\Vehicle.cs = Classes\Classes\Vehicle.cs
	EndProjectSection
EndProject
Project("{2150E333-8FDC-42A3-9474-1A3956D46DE8}") = "Challenges", "Challenges", "{2794A236-C6F8-4986-A3A6-AD5E3A719A05}"
EndProject
Project("{FAE04EC0-301F-11D3-BF4B-00C04F79EFBC}") = "RepositoryPatterns", "RepositoryPatterns\RepositoryPatterns.csproj", "{06D066D9-37C9-49BA-BD27-E1596556519C}"
EndProject
Project("{FAE04EC0-301F-11D3-BF4B-00C04F79EFBC}") = "StreamingContentRepoTest", "StreamingContentRepoTest\StreamingContentRepoTest.csproj", "{31157B7F-5341-46ED-B13F-B41A43C2E1F8}"
EndProject
Project("{FAE04EC0-301F-11D3-BF4B-00C04F79EFBC}") = "StreamingContent_Inheritance", "StreamingContent_Inheritance\StreamingContent_Inheritance.csproj", "{6D19A64A-88B7-4FE3-B010-D425897FA4FE}"
EndProject
Project("{FAE04EC0-301F-11D3-BF4B-00C04F79EFBC}") = "Calculator_Test", "Calculator_Test\Calculator_Test.csproj", "{8747689E-00E9-4CDE-B1C1-1E22E5E0791F}"
EndProject
Project("{FAE04EC0-301F-11D3-BF4B-00C04F79EFBC}") = "StreamingContent_Console", "StreamingContent_Console\StreamingContent_Console.csproj", "{F74384D7-9A08-414E-8BF2-461631FAF1F4}"
EndProject
Project("{FAE04EC0-301F-11D3-BF4B-00C04F79EFBC}") = "Interfaces", "Interfaces\Interfaces.csproj", "{FC71A1CC-D79F-426A-AE14-EB18E5ACFA69}"
EndProject
Global
	GlobalSection(SolutionConfigurationPlatforms) = preSolution
		Debug|Any CPU = Debug|Any CPU
		Release|Any CPU = Release|Any CPU
	EndGlobalSection
	GlobalSection(ProjectConfigurationPlatforms) = postSolution
		{5895B99F-74D5-4572-A1E0-A63306339D50}.Debug|Any CPU.ActiveCfg = Debug|Any CPU
		{5895B99F-74D5-4572-A1E0-A63306339D50}.Debug|Any CPU.Build.0 = Debug|Any CPU
		{5895B99F-74D5-4572-A1E0-A63306339D50}.Release|Any CPU.ActiveCfg = Release|Any CPU
		{5895B99F-74D5-4572-A1E0-A63306339D50}.Release|Any CPU.Build.0 = Release|Any CPU
		{C601BAEB-2EB0-4F6B-AE35-31F2C67E59D4}.Debug|Any CPU.ActiveCfg = Debug|Any CPU
		{C601BAEB-2EB0-4F6B-AE35-31F2C67E59D4}.Debug|Any CPU.Build.0 = Debug|Any CPU
		{C601BAEB-2EB0-4F6B-AE35-31F2C67E59D4}.Release|Any CPU.ActiveCfg = Release|Any CPU
		{C601BAEB-2EB0-4F6B-AE35-31F2C67E59D4}.Release|Any CPU.Build.0 = Release|Any CPU
		{A0AC204E-B4A7-42C1-BDD9-CC8F05C098D7}.Debug|Any CPU.ActiveCfg = Debug|Any CPU
		{A0AC204E-B4A7-42C1-BDD9-CC8F05C098D7}.Debug|Any CPU.Build.0 = Debug|Any CPU
		{A0AC204E-B4A7-42C1-BDD9-CC8F05C098D7}.Release|Any CPU.ActiveCfg = Release|Any CPU
		{A0AC204E-B4A7-42C1-BDD9-CC8F05C098D7}.Release|Any CPU.Build.0 = Release|Any CPU
		{8D87C4C1-FDA4-4A6C-B695-CC3D7FB9A7FE}.Debug|Any CPU.ActiveCfg = Debug|Any CPU
		{8D87C4C1-FDA4-4A6C-B695-CC3D7FB9A7FE}.Debug|Any CPU.Build.0 = Debug|Any CPU
		{8D87C4C1-FDA4-4A6C-B695-CC3D7FB9A7FE}.Release|Any CPU.ActiveCfg = Release|Any CPU
		{8D87C4C1-FDA4-4A6C-B695-CC3D7FB9A7FE}.Release|Any CPU.Build.0 = Release|Any CPU
		{B1281BEE-3725-4C54-980D-8D9EB93423F0}.Debug|Any CPU.ActiveCfg = Debug|Any CPU
		{B1281BEE-3725-4C54-980D-8D9EB93423F0}.Debug|Any CPU.Build.0 = Debug|Any CPU
		{B1281BEE-3725-4C54-980D-8D9EB93423F0}.Release|Any CPU.ActiveCfg = Release|Any CPU
		{B1281BEE-3725-4C54-980D-8D9EB93423F0}.Release|Any CPU.Build.0 = Release|Any CPU
		{4454E8B9-B883-46E1-925E-9C3381E5D881}.Debug|Any CPU.ActiveCfg = Debug|Any CPU
		{4454E8B9-B883-46E1-925E-9C3381E5D881}.Debug|Any CPU.Build.0 = Debug|Any CPU
		{4454E8B9-B883-46E1-925E-9C3381E5D881}.Release|Any CPU.ActiveCfg = Release|Any CPU
		{4454E8B9-B883-46E1-925E-9C3381E5D881}.Release|Any CPU.Build.0 = Release|Any CPU
		{08E3520A-7917-4CBC-9956-DF98A1EA1501}.Debug|Any CPU.ActiveCfg = Debug|Any CPU
		{08E3520A-7917-4CBC-9956-DF98A1EA1501}.Debug|Any CPU.Build.0 = Debug|Any CPU
		{08E3520A-7917-4CBC-9956-DF98A1EA1501}.Release|Any CPU.ActiveCfg = Release|Any CPU
		{08E3520A-7917-4CBC-9956-DF98A1EA1501}.Release|Any CPU.Build.0 = Release|Any CPU
		{0D6BD1C2-36D6-4838-AE81-9247ED9F2E2A}.Debug|Any CPU.ActiveCfg = Debug|Any CPU
		{0D6BD1C2-36D6-4838-AE81-9247ED9F2E2A}.Debug|Any CPU.Build.0 = Debug|Any CPU
		{0D6BD1C2-36D6-4838-AE81-9247ED9F2E2A}.Release|Any CPU.ActiveCfg = Release|Any CPU
		{0D6BD1C2-36D6-4838-AE81-9247ED9F2E2A}.Release|Any CPU.Build.0 = Release|Any CPU
		{06D066D9-37C9-49BA-BD27-E1596556519C}.Debug|Any CPU.ActiveCfg = Debug|Any CPU
		{06D066D9-37C9-49BA-BD27-E1596556519C}.Debug|Any CPU.Build.0 = Debug|Any CPU
		{06D066D9-37C9-49BA-BD27-E1596556519C}.Release|Any CPU.ActiveCfg = Release|Any CPU
		{06D066D9-37C9-49BA-BD27-E1596556519C}.Release|Any CPU.Build.0 = Release|Any CPU
		{31157B7F-5341-46ED-B13F-B41A43C2E1F8}.Debug|Any CPU.ActiveCfg = Debug|Any CPU
		{31157B7F-5341-46ED-B13F-B41A43C2E1F8}.Debug|Any CPU.Build.0 = Debug|Any CPU
		{31157B7F-5341-46ED-B13F-B41A43C2E1F8}.Release|Any CPU.ActiveCfg = Release|Any CPU
		{31157B7F-5341-46ED-B13F-B41A43C2E1F8}.Release|Any CPU.Build.0 = Release|Any CPU
		{6D19A64A-88B7-4FE3-B010-D425897FA4FE}.Debug|Any CPU.ActiveCfg = Debug|Any CPU
		{6D19A64A-88B7-4FE3-B010-D425897FA4FE}.Debug|Any CPU.Build.0 = Debug|Any CPU
		{6D19A64A-88B7-4FE3-B010-D425897FA4FE}.Release|Any CPU.ActiveCfg = Release|Any CPU
		{6D19A64A-88B7-4FE3-B010-D425897FA4FE}.Release|Any CPU.Build.0 = Release|Any CPU
		{8747689E-00E9-4CDE-B1C1-1E22E5E0791F}.Debug|Any CPU.ActiveCfg = Debug|Any CPU
		{8747689E-00E9-4CDE-B1C1-1E22E5E0791F}.Debug|Any CPU.Build.0 = Debug|Any CPU
		{8747689E-00E9-4CDE-B1C1-1E22E5E0791F}.Release|Any CPU.ActiveCfg = Release|Any CPU
		{8747689E-00E9-4CDE-B1C1-1E22E5E0791F}.Release|Any CPU.Build.0 = Release|Any CPU
		{F74384D7-9A08-414E-8BF2-461631FAF1F4}.Debug|Any CPU.ActiveCfg = Debug|Any CPU
		{F74384D7-9A08-414E-8BF2-461631FAF1F4}.Debug|Any CPU.Build.0 = Debug|Any CPU
		{F74384D7-9A08-414E-8BF2-461631FAF1F4}.Release|Any CPU.ActiveCfg = Release|Any CPU
		{F74384D7-9A08-414E-8BF2-461631FAF1F4}.Release|Any CPU.Build.0 = Release|Any CPU
		{FC71A1CC-D79F-426A-AE14-EB18E5ACFA69}.Debug|Any CPU.ActiveCfg = Debug|Any CPU
		{FC71A1CC-D79F-426A-AE14-EB18E5ACFA69}.Debug|Any CPU.Build.0 = Debug|Any CPU
		{FC71A1CC-D79F-426A-AE14-EB18E5ACFA69}.Release|Any CPU.ActiveCfg = Release|Any CPU
		{FC71A1CC-D79F-426A-AE14-EB18E5ACFA69}.Release|Any CPU.Build.0 = Release|Any CPU
	EndGlobalSection
	GlobalSection(SolutionProperties) = preSolution
		HideSolutionNode = FALSE
	EndGlobalSection
	GlobalSection(NestedProjects) = preSolution
		{08E3520A-7917-4CBC-9956-DF98A1EA1501} = {2794A236-C6F8-4986-A3A6-AD5E3A719A05}
		{5CFF023C-148B-4570-81BC-34A62106681A} = {5995E5A4-F75E-4B25-8248-1192CD49B97B}
		{8747689E-00E9-4CDE-B1C1-1E22E5E0791F} = {2794A236-C6F8-4986-A3A6-AD5E3A719A05}
	EndGlobalSection
	GlobalSection(ExtensibilityGlobals) = postSolution
		SolutionGuid = {E4727939-8AA4-4CCE-A269-E88443B47315}
	EndGlobalSection
EndGlobal
