
Microsoft Visual Studio Solution File, Format Version 12.00
# Visual Studio Version 16
VisualStudioVersion = 16.0.31025.194
MinimumVisualStudioVersion = 10.0.40219.1
Project("{FAE04EC0-301F-11D3-BF4B-00C04F79EFBC}") = "ReferenceTypes", "ReferenceTypes\ReferenceTypes.csproj", "{5895B99F-74D5-4572-A1E0-A63306339D50}"
EndProject
Project("{FAE04EC0-301F-11D3-BF4B-00C04F79EFBC}") = "ValueTypes", "ValueTypes\ValueTypes.csproj", "{C601BAEB-2EB0-4F6B-AE35-31F2C67E59D4}"
EndProject
Project("{FAE04EC0-301F-11D3-BF4B-00C04F79EFBC}") = "Arithmetic", "Arithmetic\Arithmetic.csproj", "{A0AC204E-B4A7-42C1-BDD9-CC8F05C098D7}"
EndProject
Project("{FAE04EC0-301F-11D3-BF4B-00C04F79EFBC}") = "Comparison", "Comparison\Comparison.csproj", "{8D87C4C1-FDA4-4A6C-B695-CC3D7FB9A7FE}"
EndProject
Project("{FAE04EC0-301F-11D3-BF4B-00C04F79EFBC}") = "Conditionals", "Conditionals\Conditionals.csproj", "{B1281BEE-3725-4C54-980D-8D9EB93423F0}"
EndProject
Project("{FAE04EC0-301F-11D3-BF4B-00C04F79EFBC}") = "LoopExamples", "LoopExamples\LoopExamples.csproj", "{4454E8B9-B883-46E1-925E-9C3381E5D881}"
EndProject
Project("{FAE04EC0-301F-11D3-BF4B-00C04F79EFBC}") = "AmChallenge1", "AmChallenge\AmChallenge1.csproj", "{08E3520A-7917-4CBC-9956-DF98A1EA1501}"
EndProject
Global
	GlobalSection(SolutionConfigurationPlatforms) = preSolution
		Debug|Any CPU = Debug|Any CPU
		Release|Any CPU = Release|Any CPU
	EndGlobalSection
	GlobalSection(ProjectConfigurationPlatforms) = postSolution
		{5895B99F-74D5-4572-A1E0-A63306339D50}.Debug|Any CPU.ActiveCfg = Debug|Any CPU
		{5895B99F-74D5-4572-A1E0-A63306339D50}.Debug|Any CPU.Build.0 = Debug|Any CPU
		{5895B99F-74D5-4572-A1E0-A63306339D50}.Release|Any CPU.ActiveCfg = Release|Any CPU
		{5895B99F-74D5-4572-A1E0-A63306339D50}.Release|Any CPU.Build.0 = Release|Any CPU
		{C601BAEB-2EB0-4F6B-AE35-31F2C67E59D4}.Debug|Any CPU.ActiveCfg = Debug|Any CPU
		{C601BAEB-2EB0-4F6B-AE35-31F2C67E59D4}.Debug|Any CPU.Build.0 = Debug|Any CPU
		{C601BAEB-2EB0-4F6B-AE35-31F2C67E59D4}.Release|Any CPU.ActiveCfg = Release|Any CPU
		{C601BAEB-2EB0-4F6B-AE35-31F2C67E59D4}.Release|Any CPU.Build.0 = Release|Any CPU
		{A0AC204E-B4A7-42C1-BDD9-CC8F05C098D7}.Debug|Any CPU.ActiveCfg = Debug|Any CPU
		{A0AC204E-B4A7-42C1-BDD9-CC8F05C098D7}.Debug|Any CPU.Build.0 = Debug|Any CPU
		{A0AC204E-B4A7-42C1-BDD9-CC8F05C098D7}.Release|Any CPU.ActiveCfg = Release|Any CPU
		{A0AC204E-B4A7-42C1-BDD9-CC8F05C098D7}.Release|Any CPU.Build.0 = Release|Any CPU
		{8D87C4C1-FDA4-4A6C-B695-CC3D7FB9A7FE}.Debug|Any CPU.ActiveCfg = Debug|Any CPU
		{8D87C4C1-FDA4-4A6C-B695-CC3D7FB9A7FE}.Debug|Any CPU.Build.0 = Debug|Any CPU
		{8D87C4C1-FDA4-4A6C-B695-CC3D7FB9A7FE}.Release|Any CPU.ActiveCfg = Release|Any CPU
		{8D87C4C1-FDA4-4A6C-B695-CC3D7FB9A7FE}.Release|Any CPU.Build.0 = Release|Any CPU
		{B1281BEE-3725-4C54-980D-8D9EB93423F0}.Debug|Any CPU.ActiveCfg = Debug|Any CPU
		{B1281BEE-3725-4C54-980D-8D9EB93423F0}.Debug|Any CPU.Build.0 = Debug|Any CPU
		{B1281BEE-3725-4C54-980D-8D9EB93423F0}.Release|Any CPU.ActiveCfg = Release|Any CPU
		{B1281BEE-3725-4C54-980D-8D9EB93423F0}.Release|Any CPU.Build.0 = Release|Any CPU
		{4454E8B9-B883-46E1-925E-9C3381E5D881}.Debug|Any CPU.ActiveCfg = Debug|Any CPU
		{4454E8B9-B883-46E1-925E-9C3381E5D881}.Debug|Any CPU.Build.0 = Debug|Any CPU
		{4454E8B9-B883-46E1-925E-9C3381E5D881}.Release|Any CPU.ActiveCfg = Release|Any CPU
		{4454E8B9-B883-46E1-925E-9C3381E5D881}.Release|Any CPU.Build.0 = Release|Any CPU
		{08E3520A-7917-4CBC-9956-DF98A1EA1501}.Debug|Any CPU.ActiveCfg = Debug|Any CPU
		{08E3520A-7917-4CBC-9956-DF98A1EA1501}.Debug|Any CPU.Build.0 = Debug|Any CPU
		{08E3520A-7917-4CBC-9956-DF98A1EA1501}.Release|Any CPU.ActiveCfg = Release|Any CPU
		{08E3520A-7917-4CBC-9956-DF98A1EA1501}.Release|Any CPU.Build.0 = Release|Any CPU
	EndGlobalSection
	GlobalSection(SolutionProperties) = preSolution
		HideSolutionNode = FALSE
	EndGlobalSection
	GlobalSection(ExtensibilityGlobals) = postSolution
		SolutionGuid = {E4727939-8AA4-4CCE-A269-E88443B47315}
	EndGlobalSection
EndGlobal
